// !$*UTF8*$!
{
	archiveVersion = 1;
	classes = {
	};
	objectVersion = 50;
	objects = {

/* Begin PBXBuildFile section */
		026C4F300C370284A9863F59 /* Pods_Multimedia.framework in Frameworks */ = {isa = PBXBuildFile; fileRef = 0B0CE122C21A723F34B94988 /* Pods_Multimedia.framework */; };
		0F79D07DE2B7D850A850A45E /* Pods_LocationUse.framework in Frameworks */ = {isa = PBXBuildFile; fileRef = 82BC57FEF209F7B41E56AF90 /* Pods_LocationUse.framework */; };
		B8F1B03CB19032BED9521834 /* Pods_iOSStudy.framework in Frameworks */ = {isa = PBXBuildFile; fileRef = 25EAD1A716859252DADEB4D2 /* Pods_iOSStudy.framework */; };
		C4B6867B262EBDCD00EBFA47 /* AppDelegate.swift in Sources */ = {isa = PBXBuildFile; fileRef = C4B6867A262EBDCD00EBFA47 /* AppDelegate.swift */; };
		C4B6867D262EBDCD00EBFA47 /* SceneDelegate.swift in Sources */ = {isa = PBXBuildFile; fileRef = C4B6867C262EBDCD00EBFA47 /* SceneDelegate.swift */; };
		C4B6867F262EBDCD00EBFA47 /* ViewController.swift in Sources */ = {isa = PBXBuildFile; fileRef = C4B6867E262EBDCD00EBFA47 /* ViewController.swift */; };
		C4B68682262EBDCD00EBFA47 /* Main.storyboard in Resources */ = {isa = PBXBuildFile; fileRef = C4B68680262EBDCD00EBFA47 /* Main.storyboard */; };
		C4B68684262EBDE100EBFA47 /* Assets.xcassets in Resources */ = {isa = PBXBuildFile; fileRef = C4B68683262EBDE100EBFA47 /* Assets.xcassets */; };
		C4B68687262EBDE100EBFA47 /* LaunchScreen.storyboard in Resources */ = {isa = PBXBuildFile; fileRef = C4B68685262EBDE100EBFA47 /* LaunchScreen.storyboard */; };
		C810875581CE6AE362DD2C1F /* Pods_MapUse.framework in Frameworks */ = {isa = PBXBuildFile; fileRef = AC2959166BE27A36949038CC /* Pods_MapUse.framework */; };
		CD17896A2648D02B00AD97B2 /* AppDelegate.swift in Sources */ = {isa = PBXBuildFile; fileRef = CD1789692648D02B00AD97B2 /* AppDelegate.swift */; };
		CD17896C2648D02B00AD97B2 /* SceneDelegate.swift in Sources */ = {isa = PBXBuildFile; fileRef = CD17896B2648D02B00AD97B2 /* SceneDelegate.swift */; };
		CD17896E2648D02B00AD97B2 /* ViewController.swift in Sources */ = {isa = PBXBuildFile; fileRef = CD17896D2648D02B00AD97B2 /* ViewController.swift */; };
		CD1789712648D02C00AD97B2 /* Main.storyboard in Resources */ = {isa = PBXBuildFile; fileRef = CD17896F2648D02C00AD97B2 /* Main.storyboard */; };
		CD1789732648D03A00AD97B2 /* Assets.xcassets in Resources */ = {isa = PBXBuildFile; fileRef = CD1789722648D03A00AD97B2 /* Assets.xcassets */; };
		CD1789762648D03A00AD97B2 /* LaunchScreen.storyboard in Resources */ = {isa = PBXBuildFile; fileRef = CD1789742648D03A00AD97B2 /* LaunchScreen.storyboard */; };
		CD1789842648E6BF00AD97B2 /* AppDelegate.swift in Sources */ = {isa = PBXBuildFile; fileRef = CD1789832648E6BF00AD97B2 /* AppDelegate.swift */; };
		CD1789862648E6BF00AD97B2 /* SceneDelegate.swift in Sources */ = {isa = PBXBuildFile; fileRef = CD1789852648E6BF00AD97B2 /* SceneDelegate.swift */; };
		CD1789882648E6BF00AD97B2 /* ViewController.swift in Sources */ = {isa = PBXBuildFile; fileRef = CD1789872648E6BF00AD97B2 /* ViewController.swift */; };
		CD17898B2648E6BF00AD97B2 /* Main.storyboard in Resources */ = {isa = PBXBuildFile; fileRef = CD1789892648E6BF00AD97B2 /* Main.storyboard */; };
		CD17898D2648E6D200AD97B2 /* Assets.xcassets in Resources */ = {isa = PBXBuildFile; fileRef = CD17898C2648E6D200AD97B2 /* Assets.xcassets */; };
		CD1789902648E6D200AD97B2 /* LaunchScreen.storyboard in Resources */ = {isa = PBXBuildFile; fileRef = CD17898E2648E6D200AD97B2 /* LaunchScreen.storyboard */; };
		CD17899926491E2300AD97B2 /* ResultListVC.swift in Sources */ = {isa = PBXBuildFile; fileRef = CD17899826491E2300AD97B2 /* ResultListVC.swift */; };
		CD17899E26492B7900AD97B2 /* RouteVC.swift in Sources */ = {isa = PBXBuildFile; fileRef = CD17899D26492B7900AD97B2 /* RouteVC.swift */; };
		CD1789A9264A337600AD97B2 /* AppDelegate.swift in Sources */ = {isa = PBXBuildFile; fileRef = CD1789A8264A337600AD97B2 /* AppDelegate.swift */; };
		CD1789AB264A337600AD97B2 /* SceneDelegate.swift in Sources */ = {isa = PBXBuildFile; fileRef = CD1789AA264A337600AD97B2 /* SceneDelegate.swift */; };
		CD1789AD264A337600AD97B2 /* ViewController.swift in Sources */ = {isa = PBXBuildFile; fileRef = CD1789AC264A337600AD97B2 /* ViewController.swift */; };
		CD1789B0264A337600AD97B2 /* Main.storyboard in Resources */ = {isa = PBXBuildFile; fileRef = CD1789AE264A337600AD97B2 /* Main.storyboard */; };
		CD1789B2264A338600AD97B2 /* Assets.xcassets in Resources */ = {isa = PBXBuildFile; fileRef = CD1789B1264A338600AD97B2 /* Assets.xcassets */; };
		CD1789B5264A338600AD97B2 /* LaunchScreen.storyboard in Resources */ = {isa = PBXBuildFile; fileRef = CD1789B3264A338600AD97B2 /* LaunchScreen.storyboard */; };
		CD1789BF264A351900AD97B2 /* test.mp3 in Resources */ = {isa = PBXBuildFile; fileRef = CD1789BE264A351900AD97B2 /* test.mp3 */; };
		CD1789C9264A5FA100AD97B2 /* IPhone3G.mov in Resources */ = {isa = PBXBuildFile; fileRef = CD1789C8264A5FA100AD97B2 /* IPhone3G.mov */; };
/* End PBXBuildFile section */

/* Begin PBXFileReference section */
		002CE03BA4A072CE559B4F19 /* Pods-Multimedia.release.xcconfig */ = {isa = PBXFileReference; includeInIndex = 1; lastKnownFileType = text.xcconfig; name = "Pods-Multimedia.release.xcconfig"; path = "Target Support Files/Pods-Multimedia/Pods-Multimedia.release.xcconfig"; sourceTree = "<group>"; };
		0B0CE122C21A723F34B94988 /* Pods_Multimedia.framework */ = {isa = PBXFileReference; explicitFileType = wrapper.framework; includeInIndex = 0; path = Pods_Multimedia.framework; sourceTree = BUILT_PRODUCTS_DIR; };
		0E959931904758151E50AD01 /* Pods-LocationUse.release.xcconfig */ = {isa = PBXFileReference; includeInIndex = 1; lastKnownFileType = text.xcconfig; name = "Pods-LocationUse.release.xcconfig"; path = "Target Support Files/Pods-LocationUse/Pods-LocationUse.release.xcconfig"; sourceTree = "<group>"; };
		162AF6393761176783646BAC /* Pods-MapUse.debug.xcconfig */ = {isa = PBXFileReference; includeInIndex = 1; lastKnownFileType = text.xcconfig; name = "Pods-MapUse.debug.xcconfig"; path = "Target Support Files/Pods-MapUse/Pods-MapUse.debug.xcconfig"; sourceTree = "<group>"; };
		23CAD7AA550BCC03607ED6C4 /* Pods-iOSStudy.debug.xcconfig */ = {isa = PBXFileReference; includeInIndex = 1; lastKnownFileType = text.xcconfig; name = "Pods-iOSStudy.debug.xcconfig"; path = "Target Support Files/Pods-iOSStudy/Pods-iOSStudy.debug.xcconfig"; sourceTree = "<group>"; };
		25EAD1A716859252DADEB4D2 /* Pods_iOSStudy.framework */ = {isa = PBXFileReference; explicitFileType = wrapper.framework; includeInIndex = 0; path = Pods_iOSStudy.framework; sourceTree = BUILT_PRODUCTS_DIR; };
		82BC57FEF209F7B41E56AF90 /* Pods_LocationUse.framework */ = {isa = PBXFileReference; explicitFileType = wrapper.framework; includeInIndex = 0; path = Pods_LocationUse.framework; sourceTree = BUILT_PRODUCTS_DIR; };
		AC2959166BE27A36949038CC /* Pods_MapUse.framework */ = {isa = PBXFileReference; explicitFileType = wrapper.framework; includeInIndex = 0; path = Pods_MapUse.framework; sourceTree = BUILT_PRODUCTS_DIR; };
		C4B68677262EBDCD00EBFA47 /* iOSStudy.app */ = {isa = PBXFileReference; explicitFileType = wrapper.application; includeInIndex = 0; path = iOSStudy.app; sourceTree = BUILT_PRODUCTS_DIR; };
		C4B6867A262EBDCD00EBFA47 /* AppDelegate.swift */ = {isa = PBXFileReference; lastKnownFileType = sourcecode.swift; path = AppDelegate.swift; sourceTree = "<group>"; };
		C4B6867C262EBDCD00EBFA47 /* SceneDelegate.swift */ = {isa = PBXFileReference; lastKnownFileType = sourcecode.swift; path = SceneDelegate.swift; sourceTree = "<group>"; };
		C4B6867E262EBDCD00EBFA47 /* ViewController.swift */ = {isa = PBXFileReference; lastKnownFileType = sourcecode.swift; path = ViewController.swift; sourceTree = "<group>"; };
		C4B68681262EBDCD00EBFA47 /* Base */ = {isa = PBXFileReference; lastKnownFileType = file.storyboard; name = Base; path = Base.lproj/Main.storyboard; sourceTree = "<group>"; };
		C4B68683262EBDE100EBFA47 /* Assets.xcassets */ = {isa = PBXFileReference; lastKnownFileType = folder.assetcatalog; path = Assets.xcassets; sourceTree = "<group>"; };
		C4B68686262EBDE100EBFA47 /* Base */ = {isa = PBXFileReference; lastKnownFileType = file.storyboard; name = Base; path = Base.lproj/LaunchScreen.storyboard; sourceTree = "<group>"; };
		C4B68688262EBDE100EBFA47 /* Info.plist */ = {isa = PBXFileReference; lastKnownFileType = text.plist.xml; path = Info.plist; sourceTree = "<group>"; };
		C7772D9F0EC8659F6607832F /* Pods-iOSStudy.release.xcconfig */ = {isa = PBXFileReference; includeInIndex = 1; lastKnownFileType = text.xcconfig; name = "Pods-iOSStudy.release.xcconfig"; path = "Target Support Files/Pods-iOSStudy/Pods-iOSStudy.release.xcconfig"; sourceTree = "<group>"; };
		CD1789672648D02B00AD97B2 /* LocationUse.app */ = {isa = PBXFileReference; explicitFileType = wrapper.application; includeInIndex = 0; path = LocationUse.app; sourceTree = BUILT_PRODUCTS_DIR; };
		CD1789692648D02B00AD97B2 /* AppDelegate.swift */ = {isa = PBXFileReference; lastKnownFileType = sourcecode.swift; path = AppDelegate.swift; sourceTree = "<group>"; };
		CD17896B2648D02B00AD97B2 /* SceneDelegate.swift */ = {isa = PBXFileReference; lastKnownFileType = sourcecode.swift; path = SceneDelegate.swift; sourceTree = "<group>"; };
		CD17896D2648D02B00AD97B2 /* ViewController.swift */ = {isa = PBXFileReference; lastKnownFileType = sourcecode.swift; path = ViewController.swift; sourceTree = "<group>"; };
		CD1789702648D02C00AD97B2 /* Base */ = {isa = PBXFileReference; lastKnownFileType = file.storyboard; name = Base; path = Base.lproj/Main.storyboard; sourceTree = "<group>"; };
		CD1789722648D03A00AD97B2 /* Assets.xcassets */ = {isa = PBXFileReference; lastKnownFileType = folder.assetcatalog; path = Assets.xcassets; sourceTree = "<group>"; };
		CD1789752648D03A00AD97B2 /* Base */ = {isa = PBXFileReference; lastKnownFileType = file.storyboard; name = Base; path = Base.lproj/LaunchScreen.storyboard; sourceTree = "<group>"; };
		CD1789772648D03A00AD97B2 /* Info.plist */ = {isa = PBXFileReference; lastKnownFileType = text.plist.xml; path = Info.plist; sourceTree = "<group>"; };
		CD1789812648E6BF00AD97B2 /* MapUse.app */ = {isa = PBXFileReference; explicitFileType = wrapper.application; includeInIndex = 0; path = MapUse.app; sourceTree = BUILT_PRODUCTS_DIR; };
		CD1789832648E6BF00AD97B2 /* AppDelegate.swift */ = {isa = PBXFileReference; lastKnownFileType = sourcecode.swift; path = AppDelegate.swift; sourceTree = "<group>"; };
		CD1789852648E6BF00AD97B2 /* SceneDelegate.swift */ = {isa = PBXFileReference; lastKnownFileType = sourcecode.swift; path = SceneDelegate.swift; sourceTree = "<group>"; };
		CD1789872648E6BF00AD97B2 /* ViewController.swift */ = {isa = PBXFileReference; lastKnownFileType = sourcecode.swift; path = ViewController.swift; sourceTree = "<group>"; };
		CD17898A2648E6BF00AD97B2 /* Base */ = {isa = PBXFileReference; lastKnownFileType = file.storyboard; name = Base; path = Base.lproj/Main.storyboard; sourceTree = "<group>"; };
		CD17898C2648E6D200AD97B2 /* Assets.xcassets */ = {isa = PBXFileReference; lastKnownFileType = folder.assetcatalog; path = Assets.xcassets; sourceTree = "<group>"; };
		CD17898F2648E6D200AD97B2 /* Base */ = {isa = PBXFileReference; lastKnownFileType = file.storyboard; name = Base; path = Base.lproj/LaunchScreen.storyboard; sourceTree = "<group>"; };
		CD1789912648E6D300AD97B2 /* Info.plist */ = {isa = PBXFileReference; lastKnownFileType = text.plist.xml; path = Info.plist; sourceTree = "<group>"; };
		CD17899826491E2300AD97B2 /* ResultListVC.swift */ = {isa = PBXFileReference; lastKnownFileType = sourcecode.swift; path = ResultListVC.swift; sourceTree = "<group>"; };
		CD17899D26492B7900AD97B2 /* RouteVC.swift */ = {isa = PBXFileReference; lastKnownFileType = sourcecode.swift; path = RouteVC.swift; sourceTree = "<group>"; };
		CD1789A6264A337600AD97B2 /* Multimedia.app */ = {isa = PBXFileReference; explicitFileType = wrapper.application; includeInIndex = 0; path = Multimedia.app; sourceTree = BUILT_PRODUCTS_DIR; };
		CD1789A8264A337600AD97B2 /* AppDelegate.swift */ = {isa = PBXFileReference; lastKnownFileType = sourcecode.swift; path = AppDelegate.swift; sourceTree = "<group>"; };
		CD1789AA264A337600AD97B2 /* SceneDelegate.swift */ = {isa = PBXFileReference; lastKnownFileType = sourcecode.swift; path = SceneDelegate.swift; sourceTree = "<group>"; };
		CD1789AC264A337600AD97B2 /* ViewController.swift */ = {isa = PBXFileReference; lastKnownFileType = sourcecode.swift; path = ViewController.swift; sourceTree = "<group>"; };
		CD1789AF264A337600AD97B2 /* Base */ = {isa = PBXFileReference; lastKnownFileType = file.storyboard; name = Base; path = Base.lproj/Main.storyboard; sourceTree = "<group>"; };
		CD1789B1264A338600AD97B2 /* Assets.xcassets */ = {isa = PBXFileReference; lastKnownFileType = folder.assetcatalog; path = Assets.xcassets; sourceTree = "<group>"; };
		CD1789B4264A338600AD97B2 /* Base */ = {isa = PBXFileReference; lastKnownFileType = file.storyboard; name = Base; path = Base.lproj/LaunchScreen.storyboard; sourceTree = "<group>"; };
		CD1789B6264A338600AD97B2 /* Info.plist */ = {isa = PBXFileReference; lastKnownFileType = text.plist.xml; path = Info.plist; sourceTree = "<group>"; };
		CD1789BE264A351900AD97B2 /* test.mp3 */ = {isa = PBXFileReference; lastKnownFileType = audio.mp3; path = test.mp3; sourceTree = "<group>"; };
		CD1789C8264A5FA100AD97B2 /* IPhone3G.mov */ = {isa = PBXFileReference; lastKnownFileType = video.quicktime; path = IPhone3G.mov; sourceTree = "<group>"; };
		DB2C32E313878B73F4CB3D79 /* Pods-LocationUse.debug.xcconfig */ = {isa = PBXFileReference; includeInIndex = 1; lastKnownFileType = text.xcconfig; name = "Pods-LocationUse.debug.xcconfig"; path = "Target Support Files/Pods-LocationUse/Pods-LocationUse.debug.xcconfig"; sourceTree = "<group>"; };
		E86D878E0B778A87DB4CAC19 /* Pods-MapUse.release.xcconfig */ = {isa = PBXFileReference; includeInIndex = 1; lastKnownFileType = text.xcconfig; name = "Pods-MapUse.release.xcconfig"; path = "Target Support Files/Pods-MapUse/Pods-MapUse.release.xcconfig"; sourceTree = "<group>"; };
		EA1C152017305714628018E5 /* Pods-Multimedia.debug.xcconfig */ = {isa = PBXFileReference; includeInIndex = 1; lastKnownFileType = text.xcconfig; name = "Pods-Multimedia.debug.xcconfig"; path = "Target Support Files/Pods-Multimedia/Pods-Multimedia.debug.xcconfig"; sourceTree = "<group>"; };
/* End PBXFileReference section */

/* Begin PBXFrameworksBuildPhase section */
		C4B68674262EBDCD00EBFA47 /* Frameworks */ = {
			isa = PBXFrameworksBuildPhase;
			buildActionMask = 2147483647;
			files = (
				B8F1B03CB19032BED9521834 /* Pods_iOSStudy.framework in Frameworks */,
			);
			runOnlyForDeploymentPostprocessing = 0;
		};
		CD1789642648D02B00AD97B2 /* Frameworks */ = {
			isa = PBXFrameworksBuildPhase;
			buildActionMask = 2147483647;
			files = (
				0F79D07DE2B7D850A850A45E /* Pods_LocationUse.framework in Frameworks */,
			);
			runOnlyForDeploymentPostprocessing = 0;
		};
		CD17897E2648E6BF00AD97B2 /* Frameworks */ = {
			isa = PBXFrameworksBuildPhase;
			buildActionMask = 2147483647;
			files = (
				C810875581CE6AE362DD2C1F /* Pods_MapUse.framework in Frameworks */,
			);
			runOnlyForDeploymentPostprocessing = 0;
		};
		CD1789A3264A337600AD97B2 /* Frameworks */ = {
			isa = PBXFrameworksBuildPhase;
			buildActionMask = 2147483647;
			files = (
				026C4F300C370284A9863F59 /* Pods_Multimedia.framework in Frameworks */,
			);
			runOnlyForDeploymentPostprocessing = 0;
		};
/* End PBXFrameworksBuildPhase section */

/* Begin PBXGroup section */
		A15ED80E08923278B9666BF1 /* Pods */ = {
			isa = PBXGroup;
			children = (
				DB2C32E313878B73F4CB3D79 /* Pods-LocationUse.debug.xcconfig */,
				0E959931904758151E50AD01 /* Pods-LocationUse.release.xcconfig */,
				162AF6393761176783646BAC /* Pods-MapUse.debug.xcconfig */,
				E86D878E0B778A87DB4CAC19 /* Pods-MapUse.release.xcconfig */,
				EA1C152017305714628018E5 /* Pods-Multimedia.debug.xcconfig */,
				002CE03BA4A072CE559B4F19 /* Pods-Multimedia.release.xcconfig */,
				23CAD7AA550BCC03607ED6C4 /* Pods-iOSStudy.debug.xcconfig */,
				C7772D9F0EC8659F6607832F /* Pods-iOSStudy.release.xcconfig */,
			);
			name = Pods;
			path = Pods;
			sourceTree = "<group>";
		};
		A161EFA5E72504505ACEC9F2 /* Frameworks */ = {
			isa = PBXGroup;
			children = (
				82BC57FEF209F7B41E56AF90 /* Pods_LocationUse.framework */,
				AC2959166BE27A36949038CC /* Pods_MapUse.framework */,
				0B0CE122C21A723F34B94988 /* Pods_Multimedia.framework */,
				25EAD1A716859252DADEB4D2 /* Pods_iOSStudy.framework */,
			);
			name = Frameworks;
			sourceTree = "<group>";
		};
		C4B6866E262EBDCD00EBFA47 = {
			isa = PBXGroup;
			children = (
				C4B68679262EBDCD00EBFA47 /* iOSStudy */,
				CD1789682648D02B00AD97B2 /* LocationUse */,
				CD1789822648E6BF00AD97B2 /* MapUse */,
				CD1789A7264A337600AD97B2 /* Multimedia */,
				C4B68678262EBDCD00EBFA47 /* Products */,
				A15ED80E08923278B9666BF1 /* Pods */,
				A161EFA5E72504505ACEC9F2 /* Frameworks */,
			);
			sourceTree = "<group>";
		};
		C4B68678262EBDCD00EBFA47 /* Products */ = {
			isa = PBXGroup;
			children = (
				C4B68677262EBDCD00EBFA47 /* iOSStudy.app */,
				CD1789672648D02B00AD97B2 /* LocationUse.app */,
				CD1789812648E6BF00AD97B2 /* MapUse.app */,
				CD1789A6264A337600AD97B2 /* Multimedia.app */,
			);
			name = Products;
			sourceTree = "<group>";
		};
		C4B68679262EBDCD00EBFA47 /* iOSStudy */ = {
			isa = PBXGroup;
			children = (
				C4B6867A262EBDCD00EBFA47 /* AppDelegate.swift */,
				C4B6867C262EBDCD00EBFA47 /* SceneDelegate.swift */,
				C4B6867E262EBDCD00EBFA47 /* ViewController.swift */,
				C4B68680262EBDCD00EBFA47 /* Main.storyboard */,
				C4B68683262EBDE100EBFA47 /* Assets.xcassets */,
				C4B68685262EBDE100EBFA47 /* LaunchScreen.storyboard */,
				C4B68688262EBDE100EBFA47 /* Info.plist */,
			);
			path = iOSStudy;
			sourceTree = "<group>";
		};
		CD1789682648D02B00AD97B2 /* LocationUse */ = {
			isa = PBXGroup;
			children = (
				CD1789692648D02B00AD97B2 /* AppDelegate.swift */,
				CD17896B2648D02B00AD97B2 /* SceneDelegate.swift */,
				CD17896D2648D02B00AD97B2 /* ViewController.swift */,
				CD17896F2648D02C00AD97B2 /* Main.storyboard */,
				CD1789722648D03A00AD97B2 /* Assets.xcassets */,
				CD1789742648D03A00AD97B2 /* LaunchScreen.storyboard */,
				CD1789772648D03A00AD97B2 /* Info.plist */,
			);
			path = LocationUse;
			sourceTree = "<group>";
		};
		CD1789822648E6BF00AD97B2 /* MapUse */ = {
			isa = PBXGroup;
			children = (
				CD1789832648E6BF00AD97B2 /* AppDelegate.swift */,
				CD1789852648E6BF00AD97B2 /* SceneDelegate.swift */,
				CD1789872648E6BF00AD97B2 /* ViewController.swift */,
				CD1789892648E6BF00AD97B2 /* Main.storyboard */,
				CD17898C2648E6D200AD97B2 /* Assets.xcassets */,
				CD17898E2648E6D200AD97B2 /* LaunchScreen.storyboard */,
				CD1789912648E6D300AD97B2 /* Info.plist */,
				CD17899826491E2300AD97B2 /* ResultListVC.swift */,
				CD17899D26492B7900AD97B2 /* RouteVC.swift */,
			);
			path = MapUse;
			sourceTree = "<group>";
		};
		CD1789A7264A337600AD97B2 /* Multimedia */ = {
			isa = PBXGroup;
			children = (
				CD1789C8264A5FA100AD97B2 /* IPhone3G.mov */,
				CD1789A8264A337600AD97B2 /* AppDelegate.swift */,
				CD1789AA264A337600AD97B2 /* SceneDelegate.swift */,
				CD1789AC264A337600AD97B2 /* ViewController.swift */,
				CD1789AE264A337600AD97B2 /* Main.storyboard */,
				CD1789B1264A338600AD97B2 /* Assets.xcassets */,
				CD1789BE264A351900AD97B2 /* test.mp3 */,
				CD1789B3264A338600AD97B2 /* LaunchScreen.storyboard */,
				CD1789B6264A338600AD97B2 /* Info.plist */,
			);
			path = Multimedia;
			sourceTree = "<group>";
		};
/* End PBXGroup section */

/* Begin PBXNativeTarget section */
		C4B68676262EBDCD00EBFA47 /* iOSStudy */ = {
			isa = PBXNativeTarget;
			buildConfigurationList = C4B6868B262EBDE100EBFA47 /* Build configuration list for PBXNativeTarget "iOSStudy" */;
			buildPhases = (
				8EDDDADA98F340279AF00329 /* [CP] Check Pods Manifest.lock */,
				C4B68673262EBDCD00EBFA47 /* Sources */,
				C4B68674262EBDCD00EBFA47 /* Frameworks */,
				C4B68675262EBDCD00EBFA47 /* Resources */,
			);
			buildRules = (
			);
			dependencies = (
			);
			name = iOSStudy;
			productName = iOSStudy;
			productReference = C4B68677262EBDCD00EBFA47 /* iOSStudy.app */;
			productType = "com.apple.product-type.application";
		};
		CD1789662648D02B00AD97B2 /* LocationUse */ = {
			isa = PBXNativeTarget;
			buildConfigurationList = CD17897A2648D03A00AD97B2 /* Build configuration list for PBXNativeTarget "LocationUse" */;
			buildPhases = (
				19DA9D8283A6E7A9198A24B2 /* [CP] Check Pods Manifest.lock */,
				CD1789632648D02B00AD97B2 /* Sources */,
				CD1789642648D02B00AD97B2 /* Frameworks */,
				CD1789652648D02B00AD97B2 /* Resources */,
			);
			buildRules = (
			);
			dependencies = (
			);
			name = LocationUse;
			productName = LocationUse;
			productReference = CD1789672648D02B00AD97B2 /* LocationUse.app */;
			productType = "com.apple.product-type.application";
		};
		CD1789802648E6BF00AD97B2 /* MapUse */ = {
			isa = PBXNativeTarget;
			buildConfigurationList = CD1789922648E6D300AD97B2 /* Build configuration list for PBXNativeTarget "MapUse" */;
			buildPhases = (
				F9F6BCEA4D763CE0F6EB9105 /* [CP] Check Pods Manifest.lock */,
				CD17897D2648E6BF00AD97B2 /* Sources */,
				CD17897E2648E6BF00AD97B2 /* Frameworks */,
				CD17897F2648E6BF00AD97B2 /* Resources */,
			);
			buildRules = (
			);
			dependencies = (
			);
			name = MapUse;
			productName = MapUse;
			productReference = CD1789812648E6BF00AD97B2 /* MapUse.app */;
			productType = "com.apple.product-type.application";
		};
		CD1789A5264A337600AD97B2 /* Multimedia */ = {
			isa = PBXNativeTarget;
			buildConfigurationList = CD1789B7264A338600AD97B2 /* Build configuration list for PBXNativeTarget "Multimedia" */;
			buildPhases = (
				72E16A1A78178BE386453800 /* [CP] Check Pods Manifest.lock */,
				CD1789A2264A337600AD97B2 /* Sources */,
				CD1789A3264A337600AD97B2 /* Frameworks */,
				CD1789A4264A337600AD97B2 /* Resources */,
				69BAE2EC7DB718F439C8B7BE /* [CP] Embed Pods Frameworks */,
			);
			buildRules = (
			);
			dependencies = (
			);
			name = Multimedia;
			productName = Multimedia;
			productReference = CD1789A6264A337600AD97B2 /* Multimedia.app */;
			productType = "com.apple.product-type.application";
		};
/* End PBXNativeTarget section */

/* Begin PBXProject section */
		C4B6866F262EBDCD00EBFA47 /* Project object */ = {
			isa = PBXProject;
			attributes = {
				LastSwiftUpdateCheck = 1240;
				LastUpgradeCheck = 1240;
				TargetAttributes = {
					C4B68676262EBDCD00EBFA47 = {
						CreatedOnToolsVersion = 12.4;
					};
					CD1789662648D02B00AD97B2 = {
						CreatedOnToolsVersion = 12.4;
					};
					CD1789802648E6BF00AD97B2 = {
						CreatedOnToolsVersion = 12.4;
					};
					CD1789A5264A337600AD97B2 = {
						CreatedOnToolsVersion = 12.4;
					};
				};
			};
			buildConfigurationList = C4B68672262EBDCD00EBFA47 /* Build configuration list for PBXProject "iOSStudy" */;
			compatibilityVersion = "Xcode 9.3";
			developmentRegion = en;
			hasScannedForEncodings = 0;
			knownRegions = (
				en,
				Base,
			);
			mainGroup = C4B6866E262EBDCD00EBFA47;
			productRefGroup = C4B68678262EBDCD00EBFA47 /* Products */;
			projectDirPath = "";
			projectRoot = "";
			targets = (
				C4B68676262EBDCD00EBFA47 /* iOSStudy */,
				CD1789662648D02B00AD97B2 /* LocationUse */,
				CD1789802648E6BF00AD97B2 /* MapUse */,
				CD1789A5264A337600AD97B2 /* Multimedia */,
			);
		};
/* End PBXProject section */

/* Begin PBXResourcesBuildPhase section */
		C4B68675262EBDCD00EBFA47 /* Resources */ = {
			isa = PBXResourcesBuildPhase;
			buildActionMask = 2147483647;
			files = (
				C4B68687262EBDE100EBFA47 /* LaunchScreen.storyboard in Resources */,
				C4B68684262EBDE100EBFA47 /* Assets.xcassets in Resources */,
				C4B68682262EBDCD00EBFA47 /* Main.storyboard in Resources */,
			);
			runOnlyForDeploymentPostprocessing = 0;
		};
		CD1789652648D02B00AD97B2 /* Resources */ = {
			isa = PBXResourcesBuildPhase;
			buildActionMask = 2147483647;
			files = (
				CD1789762648D03A00AD97B2 /* LaunchScreen.storyboard in Resources */,
				CD1789732648D03A00AD97B2 /* Assets.xcassets in Resources */,
				CD1789712648D02C00AD97B2 /* Main.storyboard in Resources */,
			);
			runOnlyForDeploymentPostprocessing = 0;
		};
		CD17897F2648E6BF00AD97B2 /* Resources */ = {
			isa = PBXResourcesBuildPhase;
			buildActionMask = 2147483647;
			files = (
				CD1789902648E6D200AD97B2 /* LaunchScreen.storyboard in Resources */,
				CD17898D2648E6D200AD97B2 /* Assets.xcassets in Resources */,
				CD17898B2648E6BF00AD97B2 /* Main.storyboard in Resources */,
			);
			runOnlyForDeploymentPostprocessing = 0;
		};
		CD1789A4264A337600AD97B2 /* Resources */ = {
			isa = PBXResourcesBuildPhase;
			buildActionMask = 2147483647;
			files = (
				CD1789C9264A5FA100AD97B2 /* IPhone3G.mov in Resources */,
				CD1789B5264A338600AD97B2 /* LaunchScreen.storyboard in Resources */,
				CD1789B2264A338600AD97B2 /* Assets.xcassets in Resources */,
				CD1789BF264A351900AD97B2 /* test.mp3 in Resources */,
				CD1789B0264A337600AD97B2 /* Main.storyboard in Resources */,
			);
			runOnlyForDeploymentPostprocessing = 0;
		};
/* End PBXResourcesBuildPhase section */

/* Begin PBXShellScriptBuildPhase section */
		19DA9D8283A6E7A9198A24B2 /* [CP] Check Pods Manifest.lock */ = {
			isa = PBXShellScriptBuildPhase;
			buildActionMask = 2147483647;
			files = (
			);
			inputFileListPaths = (
			);
			inputPaths = (
				"${PODS_PODFILE_DIR_PATH}/Podfile.lock",
				"${PODS_ROOT}/Manifest.lock",
			);
			name = "[CP] Check Pods Manifest.lock";
			outputFileListPaths = (
			);
			outputPaths = (
				"$(DERIVED_FILE_DIR)/Pods-LocationUse-checkManifestLockResult.txt",
			);
			runOnlyForDeploymentPostprocessing = 0;
			shellPath = /bin/sh;
			shellScript = "diff \"${PODS_PODFILE_DIR_PATH}/Podfile.lock\" \"${PODS_ROOT}/Manifest.lock\" > /dev/null\nif [ $? != 0 ] ; then\n    # print error to STDERR\n    echo \"error: The sandbox is not in sync with the Podfile.lock. Run 'pod install' or update your CocoaPods installation.\" >&2\n    exit 1\nfi\n# This output is used by Xcode 'outputs' to avoid re-running this script phase.\necho \"SUCCESS\" > \"${SCRIPT_OUTPUT_FILE_0}\"\n";
			showEnvVarsInLog = 0;
		};
		69BAE2EC7DB718F439C8B7BE /* [CP] Embed Pods Frameworks */ = {
			isa = PBXShellScriptBuildPhase;
			buildActionMask = 2147483647;
			files = (
			);
			inputFileListPaths = (
				"${PODS_ROOT}/Target Support Files/Pods-Multimedia/Pods-Multimedia-frameworks-${CONFIGURATION}-input-files.xcfilelist",
			);
			name = "[CP] Embed Pods Frameworks";
			outputFileListPaths = (
				"${PODS_ROOT}/Target Support Files/Pods-Multimedia/Pods-Multimedia-frameworks-${CONFIGURATION}-output-files.xcfilelist",
			);
			runOnlyForDeploymentPostprocessing = 0;
			shellPath = /bin/sh;
			shellScript = "\"${PODS_ROOT}/Target Support Files/Pods-Multimedia/Pods-Multimedia-frameworks.sh\"\n";
			showEnvVarsInLog = 0;
		};
		72E16A1A78178BE386453800 /* [CP] Check Pods Manifest.lock */ = {
			isa = PBXShellScriptBuildPhase;
			buildActionMask = 2147483647;
			files = (
			);
			inputFileListPaths = (
			);
			inputPaths = (
				"${PODS_PODFILE_DIR_PATH}/Podfile.lock",
				"${PODS_ROOT}/Manifest.lock",
			);
			name = "[CP] Check Pods Manifest.lock";
			outputFileListPaths = (
			);
			outputPaths = (
				"$(DERIVED_FILE_DIR)/Pods-Multimedia-checkManifestLockResult.txt",
			);
			runOnlyForDeploymentPostprocessing = 0;
			shellPath = /bin/sh;
			shellScript = "diff \"${PODS_PODFILE_DIR_PATH}/Podfile.lock\" \"${PODS_ROOT}/Manifest.lock\" > /dev/null\nif [ $? != 0 ] ; then\n    # print error to STDERR\n    echo \"error: The sandbox is not in sync with the Podfile.lock. Run 'pod install' or update your CocoaPods installation.\" >&2\n    exit 1\nfi\n# This output is used by Xcode 'outputs' to avoid re-running this script phase.\necho \"SUCCESS\" > \"${SCRIPT_OUTPUT_FILE_0}\"\n";
			showEnvVarsInLog = 0;
		};
		8EDDDADA98F340279AF00329 /* [CP] Check Pods Manifest.lock */ = {
			isa = PBXShellScriptBuildPhase;
			buildActionMask = 2147483647;
			files = (
			);
			inputFileListPaths = (
			);
			inputPaths = (
				"${PODS_PODFILE_DIR_PATH}/Podfile.lock",
				"${PODS_ROOT}/Manifest.lock",
			);
			name = "[CP] Check Pods Manifest.lock";
			outputFileListPaths = (
			);
			outputPaths = (
				"$(DERIVED_FILE_DIR)/Pods-iOSStudy-checkManifestLockResult.txt",
			);
			runOnlyForDeploymentPostprocessing = 0;
			shellPath = /bin/sh;
			shellScript = "diff \"${PODS_PODFILE_DIR_PATH}/Podfile.lock\" \"${PODS_ROOT}/Manifest.lock\" > /dev/null\nif [ $? != 0 ] ; then\n    # print error to STDERR\n    echo \"error: The sandbox is not in sync with the Podfile.lock. Run 'pod install' or update your CocoaPods installation.\" >&2\n    exit 1\nfi\n# This output is used by Xcode 'outputs' to avoid re-running this script phase.\necho \"SUCCESS\" > \"${SCRIPT_OUTPUT_FILE_0}\"\n";
			showEnvVarsInLog = 0;
		};
		F9F6BCEA4D763CE0F6EB9105 /* [CP] Check Pods Manifest.lock */ = {
			isa = PBXShellScriptBuildPhase;
			buildActionMask = 2147483647;
			files = (
			);
			inputFileListPaths = (
			);
			inputPaths = (
				"${PODS_PODFILE_DIR_PATH}/Podfile.lock",
				"${PODS_ROOT}/Manifest.lock",
			);
			name = "[CP] Check Pods Manifest.lock";
			outputFileListPaths = (
			);
			outputPaths = (
				"$(DERIVED_FILE_DIR)/Pods-MapUse-checkManifestLockResult.txt",
			);
			runOnlyForDeploymentPostprocessing = 0;
			shellPath = /bin/sh;
			shellScript = "diff \"${PODS_PODFILE_DIR_PATH}/Podfile.lock\" \"${PODS_ROOT}/Manifest.lock\" > /dev/null\nif [ $? != 0 ] ; then\n    # print error to STDERR\n    echo \"error: The sandbox is not in sync with the Podfile.lock. Run 'pod install' or update your CocoaPods installation.\" >&2\n    exit 1\nfi\n# This output is used by Xcode 'outputs' to avoid re-running this script phase.\necho \"SUCCESS\" > \"${SCRIPT_OUTPUT_FILE_0}\"\n";
			showEnvVarsInLog = 0;
		};
/* End PBXShellScriptBuildPhase section */

/* Begin PBXSourcesBuildPhase section */
		C4B68673262EBDCD00EBFA47 /* Sources */ = {
			isa = PBXSourcesBuildPhase;
			buildActionMask = 2147483647;
			files = (
				C4B6867F262EBDCD00EBFA47 /* ViewController.swift in Sources */,
				C4B6867B262EBDCD00EBFA47 /* AppDelegate.swift in Sources */,
				C4B6867D262EBDCD00EBFA47 /* SceneDelegate.swift in Sources */,
			);
			runOnlyForDeploymentPostprocessing = 0;
		};
		CD1789632648D02B00AD97B2 /* Sources */ = {
			isa = PBXSourcesBuildPhase;
			buildActionMask = 2147483647;
			files = (
				CD17896E2648D02B00AD97B2 /* ViewController.swift in Sources */,
				CD17896A2648D02B00AD97B2 /* AppDelegate.swift in Sources */,
				CD17896C2648D02B00AD97B2 /* SceneDelegate.swift in Sources */,
			);
			runOnlyForDeploymentPostprocessing = 0;
		};
		CD17897D2648E6BF00AD97B2 /* Sources */ = {
			isa = PBXSourcesBuildPhase;
			buildActionMask = 2147483647;
			files = (
				CD1789882648E6BF00AD97B2 /* ViewController.swift in Sources */,
				CD17899E26492B7900AD97B2 /* RouteVC.swift in Sources */,
				CD17899926491E2300AD97B2 /* ResultListVC.swift in Sources */,
				CD1789842648E6BF00AD97B2 /* AppDelegate.swift in Sources */,
				CD1789862648E6BF00AD97B2 /* SceneDelegate.swift in Sources */,
			);
			runOnlyForDeploymentPostprocessing = 0;
		};
		CD1789A2264A337600AD97B2 /* Sources */ = {
			isa = PBXSourcesBuildPhase;
			buildActionMask = 2147483647;
			files = (
				CD1789AD264A337600AD97B2 /* ViewController.swift in Sources */,
				CD1789A9264A337600AD97B2 /* AppDelegate.swift in Sources */,
				CD1789AB264A337600AD97B2 /* SceneDelegate.swift in Sources */,
			);
			runOnlyForDeploymentPostprocessing = 0;
		};
/* End PBXSourcesBuildPhase section */

/* Begin PBXVariantGroup section */
		C4B68680262EBDCD00EBFA47 /* Main.storyboard */ = {
			isa = PBXVariantGroup;
			children = (
				C4B68681262EBDCD00EBFA47 /* Base */,
			);
			name = Main.storyboard;
			sourceTree = "<group>";
		};
		C4B68685262EBDE100EBFA47 /* LaunchScreen.storyboard */ = {
			isa = PBXVariantGroup;
			children = (
				C4B68686262EBDE100EBFA47 /* Base */,
			);
			name = LaunchScreen.storyboard;
			sourceTree = "<group>";
		};
		CD17896F2648D02C00AD97B2 /* Main.storyboard */ = {
			isa = PBXVariantGroup;
			children = (
				CD1789702648D02C00AD97B2 /* Base */,
			);
			name = Main.storyboard;
			sourceTree = "<group>";
		};
		CD1789742648D03A00AD97B2 /* LaunchScreen.storyboard */ = {
			isa = PBXVariantGroup;
			children = (
				CD1789752648D03A00AD97B2 /* Base */,
			);
			name = LaunchScreen.storyboard;
			sourceTree = "<group>";
		};
		CD1789892648E6BF00AD97B2 /* Main.storyboard */ = {
			isa = PBXVariantGroup;
			children = (
				CD17898A2648E6BF00AD97B2 /* Base */,
			);
			name = Main.storyboard;
			sourceTree = "<group>";
		};
		CD17898E2648E6D200AD97B2 /* LaunchScreen.storyboard */ = {
			isa = PBXVariantGroup;
			children = (
				CD17898F2648E6D200AD97B2 /* Base */,
			);
			name = LaunchScreen.storyboard;
			sourceTree = "<group>";
		};
		CD1789AE264A337600AD97B2 /* Main.storyboard */ = {
			isa = PBXVariantGroup;
			children = (
				CD1789AF264A337600AD97B2 /* Base */,
			);
			name = Main.storyboard;
			sourceTree = "<group>";
		};
		CD1789B3264A338600AD97B2 /* LaunchScreen.storyboard */ = {
			isa = PBXVariantGroup;
			children = (
				CD1789B4264A338600AD97B2 /* Base */,
			);
			name = LaunchScreen.storyboard;
			sourceTree = "<group>";
		};
/* End PBXVariantGroup section */

/* Begin XCBuildConfiguration section */
		C4B68689262EBDE100EBFA47 /* Debug */ = {
			isa = XCBuildConfiguration;
			buildSettings = {
				ALWAYS_SEARCH_USER_PATHS = NO;
				CLANG_ANALYZER_NONNULL = YES;
				CLANG_ANALYZER_NUMBER_OBJECT_CONVERSION = YES_AGGRESSIVE;
				CLANG_CXX_LANGUAGE_STANDARD = "gnu++14";
				CLANG_CXX_LIBRARY = "libc++";
				CLANG_ENABLE_MODULES = YES;
				CLANG_ENABLE_OBJC_ARC = YES;
				CLANG_ENABLE_OBJC_WEAK = YES;
				CLANG_WARN_BLOCK_CAPTURE_AUTORELEASING = YES;
				CLANG_WARN_BOOL_CONVERSION = YES;
				CLANG_WARN_COMMA = YES;
				CLANG_WARN_CONSTANT_CONVERSION = YES;
				CLANG_WARN_DEPRECATED_OBJC_IMPLEMENTATIONS = YES;
				CLANG_WARN_DIRECT_OBJC_ISA_USAGE = YES_ERROR;
				CLANG_WARN_DOCUMENTATION_COMMENTS = YES;
				CLANG_WARN_EMPTY_BODY = YES;
				CLANG_WARN_ENUM_CONVERSION = YES;
				CLANG_WARN_INFINITE_RECURSION = YES;
				CLANG_WARN_INT_CONVERSION = YES;
				CLANG_WARN_NON_LITERAL_NULL_CONVERSION = YES;
				CLANG_WARN_OBJC_IMPLICIT_RETAIN_SELF = YES;
				CLANG_WARN_OBJC_LITERAL_CONVERSION = YES;
				CLANG_WARN_OBJC_ROOT_CLASS = YES_ERROR;
				CLANG_WARN_QUOTED_INCLUDE_IN_FRAMEWORK_HEADER = YES;
				CLANG_WARN_RANGE_LOOP_ANALYSIS = YES;
				CLANG_WARN_STRICT_PROTOTYPES = YES;
				CLANG_WARN_SUSPICIOUS_MOVE = YES;
				CLANG_WARN_UNGUARDED_AVAILABILITY = YES_AGGRESSIVE;
				CLANG_WARN_UNREACHABLE_CODE = YES;
				CLANG_WARN__DUPLICATE_METHOD_MATCH = YES;
				COPY_PHASE_STRIP = NO;
				DEBUG_INFORMATION_FORMAT = dwarf;
				ENABLE_STRICT_OBJC_MSGSEND = YES;
				ENABLE_TESTABILITY = YES;
				GCC_C_LANGUAGE_STANDARD = gnu11;
				GCC_DYNAMIC_NO_PIC = NO;
				GCC_NO_COMMON_BLOCKS = YES;
				GCC_OPTIMIZATION_LEVEL = 0;
				GCC_PREPROCESSOR_DEFINITIONS = (
					"DEBUG=1",
					"$(inherited)",
				);
				GCC_WARN_64_TO_32_BIT_CONVERSION = YES;
				GCC_WARN_ABOUT_RETURN_TYPE = YES_ERROR;
				GCC_WARN_UNDECLARED_SELECTOR = YES;
				GCC_WARN_UNINITIALIZED_AUTOS = YES_AGGRESSIVE;
				GCC_WARN_UNUSED_FUNCTION = YES;
				GCC_WARN_UNUSED_VARIABLE = YES;
				IPHONEOS_DEPLOYMENT_TARGET = 14.4;
				MTL_ENABLE_DEBUG_INFO = INCLUDE_SOURCE;
				MTL_FAST_MATH = YES;
				ONLY_ACTIVE_ARCH = YES;
				SDKROOT = iphoneos;
				SWIFT_ACTIVE_COMPILATION_CONDITIONS = DEBUG;
				SWIFT_OPTIMIZATION_LEVEL = "-Onone";
			};
			name = Debug;
		};
		C4B6868A262EBDE100EBFA47 /* Release */ = {
			isa = XCBuildConfiguration;
			buildSettings = {
				ALWAYS_SEARCH_USER_PATHS = NO;
				CLANG_ANALYZER_NONNULL = YES;
				CLANG_ANALYZER_NUMBER_OBJECT_CONVERSION = YES_AGGRESSIVE;
				CLANG_CXX_LANGUAGE_STANDARD = "gnu++14";
				CLANG_CXX_LIBRARY = "libc++";
				CLANG_ENABLE_MODULES = YES;
				CLANG_ENABLE_OBJC_ARC = YES;
				CLANG_ENABLE_OBJC_WEAK = YES;
				CLANG_WARN_BLOCK_CAPTURE_AUTORELEASING = YES;
				CLANG_WARN_BOOL_CONVERSION = YES;
				CLANG_WARN_COMMA = YES;
				CLANG_WARN_CONSTANT_CONVERSION = YES;
				CLANG_WARN_DEPRECATED_OBJC_IMPLEMENTATIONS = YES;
				CLANG_WARN_DIRECT_OBJC_ISA_USAGE = YES_ERROR;
				CLANG_WARN_DOCUMENTATION_COMMENTS = YES;
				CLANG_WARN_EMPTY_BODY = YES;
				CLANG_WARN_ENUM_CONVERSION = YES;
				CLANG_WARN_INFINITE_RECURSION = YES;
				CLANG_WARN_INT_CONVERSION = YES;
				CLANG_WARN_NON_LITERAL_NULL_CONVERSION = YES;
				CLANG_WARN_OBJC_IMPLICIT_RETAIN_SELF = YES;
				CLANG_WARN_OBJC_LITERAL_CONVERSION = YES;
				CLANG_WARN_OBJC_ROOT_CLASS = YES_ERROR;
				CLANG_WARN_QUOTED_INCLUDE_IN_FRAMEWORK_HEADER = YES;
				CLANG_WARN_RANGE_LOOP_ANALYSIS = YES;
				CLANG_WARN_STRICT_PROTOTYPES = YES;
				CLANG_WARN_SUSPICIOUS_MOVE = YES;
				CLANG_WARN_UNGUARDED_AVAILABILITY = YES_AGGRESSIVE;
				CLANG_WARN_UNREACHABLE_CODE = YES;
				CLANG_WARN__DUPLICATE_METHOD_MATCH = YES;
				COPY_PHASE_STRIP = NO;
				DEBUG_INFORMATION_FORMAT = "dwarf-with-dsym";
				ENABLE_NS_ASSERTIONS = NO;
				ENABLE_STRICT_OBJC_MSGSEND = YES;
				GCC_C_LANGUAGE_STANDARD = gnu11;
				GCC_NO_COMMON_BLOCKS = YES;
				GCC_WARN_64_TO_32_BIT_CONVERSION = YES;
				GCC_WARN_ABOUT_RETURN_TYPE = YES_ERROR;
				GCC_WARN_UNDECLARED_SELECTOR = YES;
				GCC_WARN_UNINITIALIZED_AUTOS = YES_AGGRESSIVE;
				GCC_WARN_UNUSED_FUNCTION = YES;
				GCC_WARN_UNUSED_VARIABLE = YES;
				IPHONEOS_DEPLOYMENT_TARGET = 14.4;
				MTL_ENABLE_DEBUG_INFO = NO;
				MTL_FAST_MATH = YES;
				SDKROOT = iphoneos;
				SWIFT_COMPILATION_MODE = wholemodule;
				SWIFT_OPTIMIZATION_LEVEL = "-O";
				VALIDATE_PRODUCT = YES;
			};
			name = Release;
		};
		C4B6868C262EBDE100EBFA47 /* Debug */ = {
			isa = XCBuildConfiguration;
			baseConfigurationReference = 23CAD7AA550BCC03607ED6C4 /* Pods-iOSStudy.debug.xcconfig */;
			buildSettings = {
				ASSETCATALOG_COMPILER_APPICON_NAME = AppIcon;
				ASSETCATALOG_COMPILER_GLOBAL_ACCENT_COLOR_NAME = AccentColor;
				CODE_SIGN_STYLE = Automatic;
				INFOPLIST_FILE = iOSStudy/Info.plist;
				LD_RUNPATH_SEARCH_PATHS = (
					"$(inherited)",
					"@executable_path/Frameworks",
				);
				PRODUCT_BUNDLE_IDENTIFIER = gmail.taehuikim0430.iOSStudy;
				PRODUCT_NAME = "$(TARGET_NAME)";
				SWIFT_VERSION = 5.0;
				TARGETED_DEVICE_FAMILY = "1,2";
			};
			name = Debug;
		};
		C4B6868D262EBDE100EBFA47 /* Release */ = {
			isa = XCBuildConfiguration;
			baseConfigurationReference = C7772D9F0EC8659F6607832F /* Pods-iOSStudy.release.xcconfig */;
			buildSettings = {
				ASSETCATALOG_COMPILER_APPICON_NAME = AppIcon;
				ASSETCATALOG_COMPILER_GLOBAL_ACCENT_COLOR_NAME = AccentColor;
				CODE_SIGN_STYLE = Automatic;
				INFOPLIST_FILE = iOSStudy/Info.plist;
				LD_RUNPATH_SEARCH_PATHS = (
					"$(inherited)",
					"@executable_path/Frameworks",
				);
				PRODUCT_BUNDLE_IDENTIFIER = gmail.taehuikim0430.iOSStudy;
				PRODUCT_NAME = "$(TARGET_NAME)";
				SWIFT_VERSION = 5.0;
				TARGETED_DEVICE_FAMILY = "1,2";
			};
			name = Release;
		};
		CD1789782648D03A00AD97B2 /* Debug */ = {
			isa = XCBuildConfiguration;
			baseConfigurationReference = DB2C32E313878B73F4CB3D79 /* Pods-LocationUse.debug.xcconfig */;
			buildSettings = {
				ASSETCATALOG_COMPILER_APPICON_NAME = AppIcon;
				ASSETCATALOG_COMPILER_GLOBAL_ACCENT_COLOR_NAME = AccentColor;
				CODE_SIGN_STYLE = Automatic;
				INFOPLIST_FILE = LocationUse/Info.plist;
				LD_RUNPATH_SEARCH_PATHS = (
					"$(inherited)",
					"@executable_path/Frameworks",
				);
				PRODUCT_BUNDLE_IDENTIFIER = taehuikim0430.gmail.LocationUse;
				PRODUCT_NAME = "$(TARGET_NAME)";
				SWIFT_VERSION = 5.0;
				TARGETED_DEVICE_FAMILY = "1,2";
			};
			name = Debug;
		};
		CD1789792648D03A00AD97B2 /* Release */ = {
			isa = XCBuildConfiguration;
			baseConfigurationReference = 0E959931904758151E50AD01 /* Pods-LocationUse.release.xcconfig */;
			buildSettings = {
				ASSETCATALOG_COMPILER_APPICON_NAME = AppIcon;
				ASSETCATALOG_COMPILER_GLOBAL_ACCENT_COLOR_NAME = AccentColor;
				CODE_SIGN_STYLE = Automatic;
				INFOPLIST_FILE = LocationUse/Info.plist;
				LD_RUNPATH_SEARCH_PATHS = (
					"$(inherited)",
					"@executable_path/Frameworks",
				);
				PRODUCT_BUNDLE_IDENTIFIER = taehuikim0430.gmail.LocationUse;
				PRODUCT_NAME = "$(TARGET_NAME)";
				SWIFT_VERSION = 5.0;
				TARGETED_DEVICE_FAMILY = "1,2";
			};
			name = Release;
		};
		CD1789932648E6D300AD97B2 /* Debug */ = {
			isa = XCBuildConfiguration;
			baseConfigurationReference = 162AF6393761176783646BAC /* Pods-MapUse.debug.xcconfig */;
			buildSettings = {
				ASSETCATALOG_COMPILER_APPICON_NAME = AppIcon;
				ASSETCATALOG_COMPILER_GLOBAL_ACCENT_COLOR_NAME = AccentColor;
				CODE_SIGN_STYLE = Automatic;
				INFOPLIST_FILE = MapUse/Info.plist;
				LD_RUNPATH_SEARCH_PATHS = (
					"$(inherited)",
					"@executable_path/Frameworks",
				);
				PRODUCT_BUNDLE_IDENTIFIER = taehuikim0430.gmail.MapUse;
				PRODUCT_NAME = "$(TARGET_NAME)";
				SWIFT_VERSION = 5.0;
				TARGETED_DEVICE_FAMILY = "1,2";
			};
			name = Debug;
		};
		CD1789942648E6D300AD97B2 /* Release */ = {
			isa = XCBuildConfiguration;
			baseConfigurationReference = E86D878E0B778A87DB4CAC19 /* Pods-MapUse.release.xcconfig */;
			buildSettings = {
				ASSETCATALOG_COMPILER_APPICON_NAME = AppIcon;
				ASSETCATALOG_COMPILER_GLOBAL_ACCENT_COLOR_NAME = AccentColor;
				CODE_SIGN_STYLE = Automatic;
				INFOPLIST_FILE = MapUse/Info.plist;
				LD_RUNPATH_SEARCH_PATHS = (
					"$(inherited)",
					"@executable_path/Frameworks",
				);
				PRODUCT_BUNDLE_IDENTIFIER = taehuikim0430.gmail.MapUse;
				PRODUCT_NAME = "$(TARGET_NAME)";
				SWIFT_VERSION = 5.0;
				TARGETED_DEVICE_FAMILY = "1,2";
			};
			name = Release;
		};
		CD1789B8264A338600AD97B2 /* Debug */ = {
			isa = XCBuildConfiguration;
			baseConfigurationReference = EA1C152017305714628018E5 /* Pods-Multimedia.debug.xcconfig */;
			buildSettings = {
				ASSETCATALOG_COMPILER_APPICON_NAME = AppIcon;
				ASSETCATALOG_COMPILER_GLOBAL_ACCENT_COLOR_NAME = AccentColor;
				CODE_SIGN_STYLE = Automatic;
				INFOPLIST_FILE = Multimedia/Info.plist;
				LD_RUNPATH_SEARCH_PATHS = (
					"$(inherited)",
					"@executable_path/Frameworks",
				);
				PRODUCT_BUNDLE_IDENTIFIER = taehuikim0430.gmail.Multimedia;
				PRODUCT_NAME = "$(TARGET_NAME)";
				SWIFT_VERSION = 5.0;
				TARGETED_DEVICE_FAMILY = "1,2";
			};
			name = Debug;
		};
		CD1789B9264A338600AD97B2 /* Release */ = {
			isa = XCBuildConfiguration;
			baseConfigurationReference = 002CE03BA4A072CE559B4F19 /* Pods-Multimedia.release.xcconfig */;
			buildSettings = {
				ASSETCATALOG_COMPILER_APPICON_NAME = AppIcon;
				ASSETCATALOG_COMPILER_GLOBAL_ACCENT_COLOR_NAME = AccentColor;
				CODE_SIGN_STYLE = Automatic;
				INFOPLIST_FILE = Multimedia/Info.plist;
				LD_RUNPATH_SEARCH_PATHS = (
					"$(inherited)",
					"@executable_path/Frameworks",
				);
				PRODUCT_BUNDLE_IDENTIFIER = taehuikim0430.gmail.Multimedia;
				PRODUCT_NAME = "$(TARGET_NAME)";
				SWIFT_VERSION = 5.0;
				TARGETED_DEVICE_FAMILY = "1,2";
			};
			name = Release;
		};
/* End XCBuildConfiguration section */

/* Begin XCConfigurationList section */
		C4B68672262EBDCD00EBFA47 /* Build configuration list for PBXProject "iOSStudy" */ = {
			isa = XCConfigurationList;
			buildConfigurations = (
				C4B68689262EBDE100EBFA47 /* Debug */,
				C4B6868A262EBDE100EBFA47 /* Release */,
			);
			defaultConfigurationIsVisible = 0;
			defaultConfigurationName = Release;
		};
		C4B6868B262EBDE100EBFA47 /* Build configuration list for PBXNativeTarget "iOSStudy" */ = {
			isa = XCConfigurationList;
			buildConfigurations = (
				C4B6868C262EBDE100EBFA47 /* Debug */,
				C4B6868D262EBDE100EBFA47 /* Release */,
			);
			defaultConfigurationIsVisible = 0;
			defaultConfigurationName = Release;
		};
		CD17897A2648D03A00AD97B2 /* Build configuration list for PBXNativeTarget "LocationUse" */ = {
			isa = XCConfigurationList;
			buildConfigurations = (
				CD1789782648D03A00AD97B2 /* Debug */,
				CD1789792648D03A00AD97B2 /* Release */,
			);
			defaultConfigurationIsVisible = 0;
			defaultConfigurationName = Release;
		};
		CD1789922648E6D300AD97B2 /* Build configuration list for PBXNativeTarget "MapUse" */ = {
			isa = XCConfigurationList;
			buildConfigurations = (
				CD1789932648E6D300AD97B2 /* Debug */,
				CD1789942648E6D300AD97B2 /* Release */,
			);
			defaultConfigurationIsVisible = 0;
			defaultConfigurationName = Release;
		};
		CD1789B7264A338600AD97B2 /* Build configuration list for PBXNativeTarget "Multimedia" */ = {
			isa = XCConfigurationList;
			buildConfigurations = (
				CD1789B8264A338600AD97B2 /* Debug */,
				CD1789B9264A338600AD97B2 /* Release */,
			);
			defaultConfigurationIsVisible = 0;
			defaultConfigurationName = Release;
		};
/* End XCConfigurationList section */
	};
	rootObject = C4B6866F262EBDCD00EBFA47 /* Project object */;
}
